
Microsoft Visual Studio Solution File, Format Version 12.00
# Visual Studio 15
VisualStudioVersion = 15.0.26124.0
MinimumVisualStudioVersion = 15.0.26124.0
Project("{FAE04EC0-301F-11D3-BF4B-00C04F79EFBC}") = "SearchEngines", "SearchEngines\SearchEngines.csproj", "{3811DD37-9217-41E0-AC84-70937DE7A0D1}"
EndProject
Project("{FAE04EC0-301F-11D3-BF4B-00C04F79EFBC}") = "SearchEngineModel", "SearchEngineModel\SearchEngineModel.csproj", "{364285BC-41E1-41EC-B8EB-1FFEEFDC9E8F}"
EndProject
Project("{FAE04EC0-301F-11D3-BF4B-00C04F79EFBC}") = "SearchResultApi", "SearchResultApi\SearchResultApi.csproj", "{D3486835-501A-49D5-9C8C-4AFDDAFFD5B2}"
EndProject
Project("{FAE04EC0-301F-11D3-BF4B-00C04F79EFBC}") = "SearchEngineHandler", "SearchEngineHandler\SearchEngineHandler.csproj", "{67DE1A93-F2EA-43E9-9801-93442B3150BF}"
EndProject
Global
	GlobalSection(SolutionConfigurationPlatforms) = preSolution
		Debug|Any CPU = Debug|Any CPU
		Debug|x64 = Debug|x64
		Debug|x86 = Debug|x86
		Release|Any CPU = Release|Any CPU
		Release|x64 = Release|x64
		Release|x86 = Release|x86
	EndGlobalSection
	GlobalSection(SolutionProperties) = preSolution
		HideSolutionNode = FALSE
	EndGlobalSection
	GlobalSection(ProjectConfigurationPlatforms) = postSolution
		{3811DD37-9217-41E0-AC84-70937DE7A0D1}.Debug|Any CPU.ActiveCfg = Debug|Any CPU
		{3811DD37-9217-41E0-AC84-70937DE7A0D1}.Debug|Any CPU.Build.0 = Debug|Any CPU
		{3811DD37-9217-41E0-AC84-70937DE7A0D1}.Debug|x64.ActiveCfg = Debug|Any CPU
		{3811DD37-9217-41E0-AC84-70937DE7A0D1}.Debug|x64.Build.0 = Debug|Any CPU
		{3811DD37-9217-41E0-AC84-70937DE7A0D1}.Debug|x86.ActiveCfg = Debug|Any CPU
		{3811DD37-9217-41E0-AC84-70937DE7A0D1}.Debug|x86.Build.0 = Debug|Any CPU
		{3811DD37-9217-41E0-AC84-70937DE7A0D1}.Release|Any CPU.ActiveCfg = Release|Any CPU
		{3811DD37-9217-41E0-AC84-70937DE7A0D1}.Release|Any CPU.Build.0 = Release|Any CPU
		{3811DD37-9217-41E0-AC84-70937DE7A0D1}.Release|x64.ActiveCfg = Release|Any CPU
		{3811DD37-9217-41E0-AC84-70937DE7A0D1}.Release|x64.Build.0 = Release|Any CPU
		{3811DD37-9217-41E0-AC84-70937DE7A0D1}.Release|x86.ActiveCfg = Release|Any CPU
		{3811DD37-9217-41E0-AC84-70937DE7A0D1}.Release|x86.Build.0 = Release|Any CPU
		{364285BC-41E1-41EC-B8EB-1FFEEFDC9E8F}.Debug|Any CPU.ActiveCfg = Debug|Any CPU
		{364285BC-41E1-41EC-B8EB-1FFEEFDC9E8F}.Debug|Any CPU.Build.0 = Debug|Any CPU
		{364285BC-41E1-41EC-B8EB-1FFEEFDC9E8F}.Debug|x64.ActiveCfg = Debug|Any CPU
		{364285BC-41E1-41EC-B8EB-1FFEEFDC9E8F}.Debug|x64.Build.0 = Debug|Any CPU
		{364285BC-41E1-41EC-B8EB-1FFEEFDC9E8F}.Debug|x86.ActiveCfg = Debug|Any CPU
		{364285BC-41E1-41EC-B8EB-1FFEEFDC9E8F}.Debug|x86.Build.0 = Debug|Any CPU
		{364285BC-41E1-41EC-B8EB-1FFEEFDC9E8F}.Release|Any CPU.ActiveCfg = Release|Any CPU
		{364285BC-41E1-41EC-B8EB-1FFEEFDC9E8F}.Release|Any CPU.Build.0 = Release|Any CPU
		{364285BC-41E1-41EC-B8EB-1FFEEFDC9E8F}.Release|x64.ActiveCfg = Release|Any CPU
		{364285BC-41E1-41EC-B8EB-1FFEEFDC9E8F}.Release|x64.Build.0 = Release|Any CPU
		{364285BC-41E1-41EC-B8EB-1FFEEFDC9E8F}.Release|x86.ActiveCfg = Release|Any CPU
		{364285BC-41E1-41EC-B8EB-1FFEEFDC9E8F}.Release|x86.Build.0 = Release|Any CPU
		{D3486835-501A-49D5-9C8C-4AFDDAFFD5B2}.Debug|Any CPU.ActiveCfg = Debug|Any CPU
		{D3486835-501A-49D5-9C8C-4AFDDAFFD5B2}.Debug|Any CPU.Build.0 = Debug|Any CPU
		{D3486835-501A-49D5-9C8C-4AFDDAFFD5B2}.Debug|x64.ActiveCfg = Debug|Any CPU
		{D3486835-501A-49D5-9C8C-4AFDDAFFD5B2}.Debug|x64.Build.0 = Debug|Any CPU
		{D3486835-501A-49D5-9C8C-4AFDDAFFD5B2}.Debug|x86.ActiveCfg = Debug|Any CPU
		{D3486835-501A-49D5-9C8C-4AFDDAFFD5B2}.Debug|x86.Build.0 = Debug|Any CPU
		{D3486835-501A-49D5-9C8C-4AFDDAFFD5B2}.Release|Any CPU.ActiveCfg = Release|Any CPU
		{D3486835-501A-49D5-9C8C-4AFDDAFFD5B2}.Release|Any CPU.Build.0 = Release|Any CPU
		{D3486835-501A-49D5-9C8C-4AFDDAFFD5B2}.Release|x64.ActiveCfg = Release|Any CPU
		{D3486835-501A-49D5-9C8C-4AFDDAFFD5B2}.Release|x64.Build.0 = Release|Any CPU
		{D3486835-501A-49D5-9C8C-4AFDDAFFD5B2}.Release|x86.ActiveCfg = Release|Any CPU
		{D3486835-501A-49D5-9C8C-4AFDDAFFD5B2}.Release|x86.Build.0 = Release|Any CPU
		{67DE1A93-F2EA-43E9-9801-93442B3150BF}.Debug|Any CPU.ActiveCfg = Debug|Any CPU
		{67DE1A93-F2EA-43E9-9801-93442B3150BF}.Debug|Any CPU.Build.0 = Debug|Any CPU
		{67DE1A93-F2EA-43E9-9801-93442B3150BF}.Debug|x64.ActiveCfg = Debug|Any CPU
		{67DE1A93-F2EA-43E9-9801-93442B3150BF}.Debug|x64.Build.0 = Debug|Any CPU
		{67DE1A93-F2EA-43E9-9801-93442B3150BF}.Debug|x86.ActiveCfg = Debug|Any CPU
		{67DE1A93-F2EA-43E9-9801-93442B3150BF}.Debug|x86.Build.0 = Debug|Any CPU
		{67DE1A93-F2EA-43E9-9801-93442B3150BF}.Release|Any CPU.ActiveCfg = Release|Any CPU
		{67DE1A93-F2EA-43E9-9801-93442B3150BF}.Release|Any CPU.Build.0 = Release|Any CPU
		{67DE1A93-F2EA-43E9-9801-93442B3150BF}.Release|x64.ActiveCfg = Release|Any CPU
		{67DE1A93-F2EA-43E9-9801-93442B3150BF}.Release|x64.Build.0 = Release|Any CPU
		{67DE1A93-F2EA-43E9-9801-93442B3150BF}.Release|x86.ActiveCfg = Release|Any CPU
		{67DE1A93-F2EA-43E9-9801-93442B3150BF}.Release|x86.Build.0 = Release|Any CPU
	EndGlobalSection
EndGlobal
